{
  "version": 4,
  "terraform_version": "0.12.9",
  "serial": 1,
  "lineage": "744dcd24-fe60-ccdb-43b7-acdfa671643c",
  "outputs": {},
  "resources": [
    {
      "mode": "managed",
      "type": "aws_cloudformation_stack",
      "name": "network",
      "provider": "provider.aws",
      "instances": [
        {
          "schema_version": 0,
          "attributes": {
            "capabilities": null,
            "disable_rollback": false,
            "iam_role_arn": "",
            "id": "arn:aws:cloudformation:us-east-1:540612639861:stack/networking-stack/0cf18580-e747-11e9-83d5-0a009cdf2216",
            "name": "networking-stack",
            "notification_arns": null,
            "on_failure": null,
            "outputs": {},
            "parameters": {
              "VPCCidr": "10.0.0.0/16"
            },
            "policy_body": null,
            "policy_url": null,
            "tags": null,
            "template_body": "{\"Parameters\":{\"VPCCidr\":{\"Default\":\"10.0.0.0/16\",\"Description\":\"Enter the CIDR block for the VPC. Default is 10.0.0.0/16.\",\"Type\":\"String\"}},\"Resources\":{\"myVpc\":{\"Properties\":{\"CidrBlock\":{\"Ref\":\"VPCCidr\"},\"Tags\":[{\"Key\":\"Name\",\"Value\":\"Primary_CF_VPC\"}]},\"Type\":\"AWS::EC2::VPC\"}}}",
            "template_url": null,
            "timeout_in_minutes": null,
            "timeouts": null
          },
          "private": "eyJlMmJmYjczMC1lY2FhLTExZTYtOGY4OC0zNDM2M2JjN2M0YzAiOnsiY3JlYXRlIjoxODAwMDAwMDAwMDAwLCJkZWxldGUiOjE4MDAwMDAwMDAwMDAsInVwZGF0ZSI6MTgwMDAwMDAwMDAwMH19"
        }
      ]
    }
  ]
}
