{
  "version": 4,
  "terraform_version": "0.12.9",
  "serial": 6,
  "lineage": "744dcd24-fe60-ccdb-43b7-acdfa671643c",
  "outputs": {},
  "resources": [
    {
      "mode": "managed",
      "type": "aws_cloudformation_stack",
      "name": "FTGT-AutoScale",
      "provider": "provider.aws",
      "instances": [
        {
          "status": "tainted",
          "schema_version": 0,
          "attributes": {
            "capabilities": null,
            "disable_rollback": null,
            "iam_role_arn": null,
            "id": "arn:aws:cloudformation:us-east-1:540612639861:stack/FTGT-AutoScale-stack/6a53b090-e76a-11e9-903f-12a6272b4c0e",
            "name": "FTGT-AutoScale-stack",
            "notification_arns": null,
            "on_failure": "ROLLBACK",
            "outputs": null,
            "parameters": {
              "AvailabilityZones": "us-east-1a, us-east-1b",
              "FortiGateAdminCidr": "0.0.0.0/0",
              "FortiGatePskSecret": "FTNT",
              "InternalLoadBalancerDnsName": "",
              "KeyPairName": "AWS-FTGT",
              "QSS3BucketName": "apollinaire-fortigate-autoscale",
              "QSS3KeyPrefix": "deployment-files/"
            },
            "policy_body": null,
            "policy_url": null,
            "tags": {
              "Name": "FTGT-AutoScale"
            },
            "template_body": null,
            "template_url": "https://apollinaire-fortigate-autoscale.s3.amazonaws.com/deployment-files/templates/workload-master.template",
            "timeout_in_minutes": null,
            "timeouts": null
          },
          "private": "eyJlMmJmYjczMC1lY2FhLTExZTYtOGY4OC0zNDM2M2JjN2M0YzAiOnsiY3JlYXRlIjoxODAwMDAwMDAwMDAwLCJkZWxldGUiOjE4MDAwMDAwMDAwMDAsInVwZGF0ZSI6MTgwMDAwMDAwMDAwMH19"
        }
      ]
    }
  ]
}
